
Microsoft Visual Studio Solution File, Format Version 11.00
# Visual Studio 2010
Project("{FAE04EC0-301F-11D3-BF4B-00C04F79EFBC}") = "winFormHttpRequest", "winFormHttpRequest\winFormHttpRequest.csproj", "{C541FFB9-48A3-4ECA-866A-0FC19A55FA6B}"
EndProject
Global
	GlobalSection(SolutionConfigurationPlatforms) = preSolution
		Debug|Any CPU = Debug|Any CPU
		Debug|Mixed Platforms = Debug|Mixed Platforms
		Debug|x86 = Debug|x86
		Release|Any CPU = Release|Any CPU
		Release|Mixed Platforms = Release|Mixed Platforms
		Release|x86 = Release|x86
	EndGlobalSection
	GlobalSection(ProjectConfigurationPlatforms) = postSolution
		{C541FFB9-48A3-4ECA-866A-0FC19A55FA6B}.Debug|Any CPU.ActiveCfg = Debug|x86
		{C541FFB9-48A3-4ECA-866A-0FC19A55FA6B}.Debug|Mixed Platforms.ActiveCfg = Debug|x86
		{C541FFB9-48A3-4ECA-866A-0FC19A55FA6B}.Debug|Mixed Platforms.Build.0 = Debug|x86
		{C541FFB9-48A3-4ECA-866A-0FC19A55FA6B}.Debug|x86.ActiveCfg = Debug|x86
		{C541FFB9-48A3-4ECA-866A-0FC19A55FA6B}.Debug|x86.Build.0 = Debug|x86
		{C541FFB9-48A3-4ECA-866A-0FC19A55FA6B}.Release|Any CPU.ActiveCfg = Release|x86
		{C541FFB9-48A3-4ECA-866A-0FC19A55FA6B}.Release|Mixed Platforms.ActiveCfg = Release|x86
		{C541FFB9-48A3-4ECA-866A-0FC19A55FA6B}.Release|Mixed Platforms.Build.0 = Release|x86
		{C541FFB9-48A3-4ECA-866A-0FC19A55FA6B}.Release|x86.ActiveCfg = Release|x86
		{C541FFB9-48A3-4ECA-866A-0FC19A55FA6B}.Release|x86.Build.0 = Release|x86
	EndGlobalSection
	GlobalSection(SolutionProperties) = preSolution
		HideSolutionNode = FALSE
	EndGlobalSection
EndGlobal
